
Microsoft Visual Studio Solution File, Format Version 12.00
# Visual Studio Version 16
VisualStudioVersion = 16.0.29926.136
MinimumVisualStudioVersion = 10.0.40219.1
Project("{9A19103F-16F7-4668-BE54-9A1E7A4F7556}") = "Core", "Core\Core.csproj", "{B867E64A-7BCF-4FEE-BC44-6771AF9C4692}"
EndProject
Project("{9A19103F-16F7-4668-BE54-9A1E7A4F7556}") = "Persistance.RentACar", "Persistance.RentACar\Persistance.RentACar.csproj", "{B00D22D3-016B-4C43-940A-4ABA9BBF9070}"
EndProject
Project("{9A19103F-16F7-4668-BE54-9A1E7A4F7556}") = "Persistance.Avio", "Persistance.Avio\Persistance.Avio.csproj", "{1A5F858A-A8A2-454A-808D-0436B385D07C}"
EndProject
Project("{9A19103F-16F7-4668-BE54-9A1E7A4F7556}") = "Persistance.User", "Persistance.User\Persistance.User.csproj", "{A51A5D68-B7D8-48DF-AE69-06959541F82F}"
EndProject
Project("{9A19103F-16F7-4668-BE54-9A1E7A4F7556}") = "PUSGS_Project.Api.Users", "PUSGS_Project.Api.Users\PUSGS_Project.Api.Users.csproj", "{D99CCA36-5CED-4BD7-9410-50ABEB42C6D4}"
EndProject
Project("{9A19103F-16F7-4668-BE54-9A1E7A4F7556}") = "PUSGS_Project.Api.Aviations", "PUSGS_Project.Api.Aviations\PUSGS_Project.Api.Aviations.csproj", "{A613E172-F3C3-47A0-A9C9-FBEAB5BFC9E3}"
EndProject
Project("{9A19103F-16F7-4668-BE54-9A1E7A4F7556}") = "PUSGS_Project.Api.RentACars", "PUSGS_Project.Api.RentACars\PUSGS_Project.Api.RentACars.csproj", "{7AC29E8A-6792-494B-BC24-7921A3BD40FA}"
EndProject
Project("{9A19103F-16F7-4668-BE54-9A1E7A4F7556}") = "PUSGS_Project.ApiGateway", "PUSGS_Project.ApiGateway\PUSGS_Project.ApiGateway.csproj", "{297117C4-6329-425F-A8C9-0B193690BCBE}"
EndProject
Project("{2150E333-8FDC-42A3-9474-1A3956D46DE8}") = "ClientApp", "ClientApp", "{6F97D620-D6BC-4032-8993-AD79A05DC4EC}"
	ProjectSection(SolutionItems) = preProject
		ClientApp\.editorconfig = ClientApp\.editorconfig
		ClientApp\.gitignore = ClientApp\.gitignore
		ClientApp\angular.json = ClientApp\angular.json
		ClientApp\browserslist = ClientApp\browserslist
		ClientApp\package-lock.json = ClientApp\package-lock.json
		ClientApp\package.json = ClientApp\package.json
		ClientApp\README.md = ClientApp\README.md
		ClientApp\tsconfig.json = ClientApp\tsconfig.json
		ClientApp\tslint.json = ClientApp\tslint.json
	EndProjectSection
EndProject
Project("{2150E333-8FDC-42A3-9474-1A3956D46DE8}") = ".vscode", ".vscode", "{0727818D-97A1-4B9A-8963-B3350441B7BE}"
	ProjectSection(SolutionItems) = preProject
		ClientApp\.vscode\settings.json = ClientApp\.vscode\settings.json
	EndProjectSection
EndProject
Project("{2150E333-8FDC-42A3-9474-1A3956D46DE8}") = "dist", "dist", "{27D4AC21-DD3C-4F66-93E9-2A4893266D92}"
	ProjectSection(SolutionItems) = preProject
		ClientApp\dist\index.html = ClientApp\dist\index.html
		ClientApp\dist\main-es2015.js = ClientApp\dist\main-es2015.js
		ClientApp\dist\main-es2015.js.map = ClientApp\dist\main-es2015.js.map
		ClientApp\dist\main-es5.js = ClientApp\dist\main-es5.js
		ClientApp\dist\main-es5.js.map = ClientApp\dist\main-es5.js.map
		ClientApp\dist\polyfills-es2015.js = ClientApp\dist\polyfills-es2015.js
		ClientApp\dist\polyfills-es2015.js.map = ClientApp\dist\polyfills-es2015.js.map
		ClientApp\dist\polyfills-es5.js = ClientApp\dist\polyfills-es5.js
		ClientApp\dist\polyfills-es5.js.map = ClientApp\dist\polyfills-es5.js.map
		ClientApp\dist\runtime-es2015.js = ClientApp\dist\runtime-es2015.js
		ClientApp\dist\runtime-es2015.js.map = ClientApp\dist\runtime-es2015.js.map
		ClientApp\dist\runtime-es5.js = ClientApp\dist\runtime-es5.js
		ClientApp\dist\runtime-es5.js.map = ClientApp\dist\runtime-es5.js.map
		ClientApp\dist\styles.css = ClientApp\dist\styles.css
		ClientApp\dist\styles.css.map = ClientApp\dist\styles.css.map
		ClientApp\dist\vendor-es2015.js = ClientApp\dist\vendor-es2015.js
		ClientApp\dist\vendor-es2015.js.map = ClientApp\dist\vendor-es2015.js.map
		ClientApp\dist\vendor-es5.js = ClientApp\dist\vendor-es5.js
		ClientApp\dist\vendor-es5.js.map = ClientApp\dist\vendor-es5.js.map
	EndProjectSection
EndProject
Project("{2150E333-8FDC-42A3-9474-1A3956D46DE8}") = "e2e", "e2e", "{36640A8C-5123-4ABD-B839-3D82B85B6834}"
	ProjectSection(SolutionItems) = preProject
		ClientApp\e2e\protractor.conf.js = ClientApp\e2e\protractor.conf.js
		ClientApp\e2e\tsconfig.e2e.json = ClientApp\e2e\tsconfig.e2e.json
	EndProjectSection
EndProject
Project("{2150E333-8FDC-42A3-9474-1A3956D46DE8}") = "src", "src", "{06673D85-E60C-45BF-9564-EF3161D5622A}"
	ProjectSection(SolutionItems) = preProject
		ClientApp\e2e\src\app.e2e-spec.ts = ClientApp\e2e\src\app.e2e-spec.ts
		ClientApp\e2e\src\app.po.ts = ClientApp\e2e\src\app.po.ts
	EndProjectSection
EndProject
Project("{2150E333-8FDC-42A3-9474-1A3956D46DE8}") = "src", "src", "{AFC08CB2-C1B9-4EBF-83FE-6D751B38474B}"
	ProjectSection(SolutionItems) = preProject
		ClientApp\src\index.html = ClientApp\src\index.html
		ClientApp\src\karma.conf.js = ClientApp\src\karma.conf.js
		ClientApp\src\main.ts = ClientApp\src\main.ts
		ClientApp\src\polyfills.ts = ClientApp\src\polyfills.ts
		ClientApp\src\styles.css = ClientApp\src\styles.css
		ClientApp\src\test.ts = ClientApp\src\test.ts
		ClientApp\src\tsconfig.app.json = ClientApp\src\tsconfig.app.json
		ClientApp\src\tsconfig.server.json = ClientApp\src\tsconfig.server.json
		ClientApp\src\tsconfig.spec.json = ClientApp\src\tsconfig.spec.json
		ClientApp\src\tslint.json = ClientApp\src\tslint.json
	EndProjectSection
EndProject
Project("{2150E333-8FDC-42A3-9474-1A3956D46DE8}") = "app", "app", "{54198B66-90EE-4B07-878C-78EBA5C9465F}"
	ProjectSection(SolutionItems) = preProject
		ClientApp\src\app\app.component.html = ClientApp\src\app\app.component.html
		ClientApp\src\app\app.component.ts = ClientApp\src\app\app.component.ts
		ClientApp\src\app\app.module.ts = ClientApp\src\app\app.module.ts
		ClientApp\src\app\app.server.module.ts = ClientApp\src\app\app.server.module.ts
	EndProjectSection
EndProject
Project("{2150E333-8FDC-42A3-9474-1A3956D46DE8}") = "accept-invitation", "accept-invitation", "{A61D8CB1-B8B9-49E4-87F6-F914EE27E7C5}"
	ProjectSection(SolutionItems) = preProject
		ClientApp\src\app\accept-invitation\accept-invitation.component.css = ClientApp\src\app\accept-invitation\accept-invitation.component.css
		ClientApp\src\app\accept-invitation\accept-invitation.component.html = ClientApp\src\app\accept-invitation\accept-invitation.component.html
		ClientApp\src\app\accept-invitation\accept-invitation.component.spec.ts = ClientApp\src\app\accept-invitation\accept-invitation.component.spec.ts
		ClientApp\src\app\accept-invitation\accept-invitation.component.ts = ClientApp\src\app\accept-invitation\accept-invitation.component.ts
	EndProjectSection
EndProject
Project("{2150E333-8FDC-42A3-9474-1A3956D46DE8}") = "add-aviation-administrator", "add-aviation-administrator", "{A6168293-E69E-4F7D-BA17-D51C72A35C81}"
	ProjectSection(SolutionItems) = preProject
		ClientApp\src\app\add-aviation-administrator\add-aviation-administrator.component.css = ClientApp\src\app\add-aviation-administrator\add-aviation-administrator.component.css
		ClientApp\src\app\add-aviation-administrator\add-aviation-administrator.component.html = ClientApp\src\app\add-aviation-administrator\add-aviation-administrator.component.html
		ClientApp\src\app\add-aviation-administrator\add-aviation-administrator.component.spec.ts = ClientApp\src\app\add-aviation-administrator\add-aviation-administrator.component.spec.ts
		ClientApp\src\app\add-aviation-administrator\add-aviation-administrator.component.ts = ClientApp\src\app\add-aviation-administrator\add-aviation-administrator.component.ts
	EndProjectSection
EndProject
Project("{2150E333-8FDC-42A3-9474-1A3956D46DE8}") = "add-aviation-company", "add-aviation-company", "{71D13963-413D-447E-A4A2-82F71ACFBA11}"
	ProjectSection(SolutionItems) = preProject
		ClientApp\src\app\add-aviation-company\add-aviation-company.component.css = ClientApp\src\app\add-aviation-company\add-aviation-company.component.css
		ClientApp\src\app\add-aviation-company\add-aviation-company.component.html = ClientApp\src\app\add-aviation-company\add-aviation-company.component.html
		ClientApp\src\app\add-aviation-company\add-aviation-company.component.spec.ts = ClientApp\src\app\add-aviation-company\add-aviation-company.component.spec.ts
		ClientApp\src\app\add-aviation-company\add-aviation-company.component.ts = ClientApp\src\app\add-aviation-company\add-aviation-company.component.ts
	EndProjectSection
EndProject
Project("{2150E333-8FDC-42A3-9474-1A3956D46DE8}") = "add-flight-form", "add-flight-form", "{E9299013-7DC6-404C-A484-9A84D012B08A}"
	ProjectSection(SolutionItems) = preProject
		ClientApp\src\app\add-flight-form\add-flight-form.component.css = ClientApp\src\app\add-flight-form\add-flight-form.component.css
		ClientApp\src\app\add-flight-form\add-flight-form.component.html = ClientApp\src\app\add-flight-form\add-flight-form.component.html
		ClientApp\src\app\add-flight-form\add-flight-form.component.spec.ts = ClientApp\src\app\add-flight-form\add-flight-form.component.spec.ts
		ClientApp\src\app\add-flight-form\add-flight-form.component.ts = ClientApp\src\app\add-flight-form\add-flight-form.component.ts
	EndProjectSection
EndProject
Project("{2150E333-8FDC-42A3-9474-1A3956D46DE8}") = "add-quick-ticket", "add-quick-ticket", "{6C4EA3E1-C044-4A76-A44B-3075CB553C9B}"
	ProjectSection(SolutionItems) = preProject
		ClientApp\src\app\add-quick-ticket\add-quick-ticket.component.css = ClientApp\src\app\add-quick-ticket\add-quick-ticket.component.css
		ClientApp\src\app\add-quick-ticket\add-quick-ticket.component.html = ClientApp\src\app\add-quick-ticket\add-quick-ticket.component.html
		ClientApp\src\app\add-quick-ticket\add-quick-ticket.component.spec.ts = ClientApp\src\app\add-quick-ticket\add-quick-ticket.component.spec.ts
		ClientApp\src\app\add-quick-ticket\add-quick-ticket.component.ts = ClientApp\src\app\add-quick-ticket\add-quick-ticket.component.ts
	EndProjectSection
EndProject
Project("{2150E333-8FDC-42A3-9474-1A3956D46DE8}") = "add-rent-a-car-administrator", "add-rent-a-car-administrator", "{64327685-24D6-4729-A6A5-9EC73C36DB4A}"
	ProjectSection(SolutionItems) = preProject
		ClientApp\src\app\add-rent-a-car-administrator\add-rent-a-car-administrator.component.css = ClientApp\src\app\add-rent-a-car-administrator\add-rent-a-car-administrator.component.css
		ClientApp\src\app\add-rent-a-car-administrator\add-rent-a-car-administrator.component.html = ClientApp\src\app\add-rent-a-car-administrator\add-rent-a-car-administrator.component.html
		ClientApp\src\app\add-rent-a-car-administrator\add-rent-a-car-administrator.component.spec.ts = ClientApp\src\app\add-rent-a-car-administrator\add-rent-a-car-administrator.component.spec.ts
		ClientApp\src\app\add-rent-a-car-administrator\add-rent-a-car-administrator.component.ts = ClientApp\src\app\add-rent-a-car-administrator\add-rent-a-car-administrator.component.ts
	EndProjectSection
EndProject
Project("{2150E333-8FDC-42A3-9474-1A3956D46DE8}") = "add-rent-a-car-company", "add-rent-a-car-company", "{3866BB95-B49A-41B1-9034-E8E77B81F7F5}"
	ProjectSection(SolutionItems) = preProject
		ClientApp\src\app\add-rent-a-car-company\add-rent-a-car-company.component.css = ClientApp\src\app\add-rent-a-car-company\add-rent-a-car-company.component.css
		ClientApp\src\app\add-rent-a-car-company\add-rent-a-car-company.component.html = ClientApp\src\app\add-rent-a-car-company\add-rent-a-car-company.component.html
		ClientApp\src\app\add-rent-a-car-company\add-rent-a-car-company.component.spec.ts = ClientApp\src\app\add-rent-a-car-company\add-rent-a-car-company.component.spec.ts
		ClientApp\src\app\add-rent-a-car-company\add-rent-a-car-company.component.ts = ClientApp\src\app\add-rent-a-car-company\add-rent-a-car-company.component.ts
	EndProjectSection
EndProject
Project("{2150E333-8FDC-42A3-9474-1A3956D46DE8}") = "auth", "auth", "{FC8937C2-1593-41E5-B13D-6AF042ACECE3}"
	ProjectSection(SolutionItems) = preProject
		ClientApp\src\app\auth\auth.guard.spec.ts = ClientApp\src\app\auth\auth.guard.spec.ts
		ClientApp\src\app\auth\auth.guard.ts = ClientApp\src\app\auth\auth.guard.ts
		ClientApp\src\app\auth\auth.interceptor.spec.ts = ClientApp\src\app\auth\auth.interceptor.spec.ts
		ClientApp\src\app\auth\auth.interceptor.ts = ClientApp\src\app\auth\auth.interceptor.ts
	EndProjectSection
EndProject
Project("{2150E333-8FDC-42A3-9474-1A3956D46DE8}") = "aviation-companies", "aviation-companies", "{A210CA6A-B14A-44E3-9001-44D86F993047}"
	ProjectSection(SolutionItems) = preProject
		ClientApp\src\app\aviation-companies\aviation-companies.component.css = ClientApp\src\app\aviation-companies\aviation-companies.component.css
		ClientApp\src\app\aviation-companies\aviation-companies.component.html = ClientApp\src\app\aviation-companies\aviation-companies.component.html
		ClientApp\src\app\aviation-companies\aviation-companies.component.spec.ts = ClientApp\src\app\aviation-companies\aviation-companies.component.spec.ts
		ClientApp\src\app\aviation-companies\aviation-companies.component.ts = ClientApp\src\app\aviation-companies\aviation-companies.component.ts
	EndProjectSection
EndProject
Project("{2150E333-8FDC-42A3-9474-1A3956D46DE8}") = "aviation-profile", "aviation-profile", "{0632300B-16C3-419B-85D4-9F6A834A0DE2}"
	ProjectSection(SolutionItems) = preProject
		ClientApp\src\app\aviation-profile\aviation-profile.component.css = ClientApp\src\app\aviation-profile\aviation-profile.component.css
		ClientApp\src\app\aviation-profile\aviation-profile.component.html = ClientApp\src\app\aviation-profile\aviation-profile.component.html
		ClientApp\src\app\aviation-profile\aviation-profile.component.spec.ts = ClientApp\src\app\aviation-profile\aviation-profile.component.spec.ts
		ClientApp\src\app\aviation-profile\aviation-profile.component.ts = ClientApp\src\app\aviation-profile\aviation-profile.component.ts
	EndProjectSection
EndProject
Project("{2150E333-8FDC-42A3-9474-1A3956D46DE8}") = "car-reservation", "car-reservation", "{03727C77-A563-45FC-8B7E-48EF6E132BB7}"
	ProjectSection(SolutionItems) = preProject
		ClientApp\src\app\car-reservation\car-reservation.component.css = ClientApp\src\app\car-reservation\car-reservation.component.css
		ClientApp\src\app\car-reservation\car-reservation.component.html = ClientApp\src\app\car-reservation\car-reservation.component.html
		ClientApp\src\app\car-reservation\car-reservation.component.spec.ts = ClientApp\src\app\car-reservation\car-reservation.component.spec.ts
		ClientApp\src\app\car-reservation\car-reservation.component.ts = ClientApp\src\app\car-reservation\car-reservation.component.ts
	EndProjectSection
EndProject
Project("{2150E333-8FDC-42A3-9474-1A3956D46DE8}") = "change-password", "change-password", "{32D6038C-80C9-4715-B3B5-B61C7AD7A4E8}"
	ProjectSection(SolutionItems) = preProject
		ClientApp\src\app\change-password\change-password.component.css = ClientApp\src\app\change-password\change-password.component.css
		ClientApp\src\app\change-password\change-password.component.html = ClientApp\src\app\change-password\change-password.component.html
		ClientApp\src\app\change-password\change-password.component.spec.ts = ClientApp\src\app\change-password\change-password.component.spec.ts
		ClientApp\src\app\change-password\change-password.component.ts = ClientApp\src\app\change-password\change-password.component.ts
	EndProjectSection
EndProject
Project("{2150E333-8FDC-42A3-9474-1A3956D46DE8}") = "constants", "constants", "{E31BFE0E-9BE8-453E-84E4-D7D7993CF4F3}"
	ProjectSection(SolutionItems) = preProject
		ClientApp\src\app\constants\storage.js = ClientApp\src\app\constants\storage.js
		ClientApp\src\app\constants\storage.js.map = ClientApp\src\app\constants\storage.js.map
		ClientApp\src\app\constants\storage.ts = ClientApp\src\app\constants\storage.ts
		ClientApp\src\app\constants\user-types.js = ClientApp\src\app\constants\user-types.js
		ClientApp\src\app\constants\user-types.js.map = ClientApp\src\app\constants\user-types.js.map
		ClientApp\src\app\constants\user-types.ts = ClientApp\src\app\constants\user-types.ts
	EndProjectSection
EndProject
Project("{2150E333-8FDC-42A3-9474-1A3956D46DE8}") = "counter", "counter", "{05D48FC0-B3CD-4C5E-85E5-71D6345DF606}"
	ProjectSection(SolutionItems) = preProject
		ClientApp\src\app\counter\counter.component.html = ClientApp\src\app\counter\counter.component.html
		ClientApp\src\app\counter\counter.component.spec.ts = ClientApp\src\app\counter\counter.component.spec.ts
		ClientApp\src\app\counter\counter.component.ts = ClientApp\src\app\counter\counter.component.ts
	EndProjectSection
EndProject
Project("{2150E333-8FDC-42A3-9474-1A3956D46DE8}") = "entities", "entities", "{6ACDBCC5-2FB3-49E8-8643-B493CB515FC5}"
	ProjectSection(SolutionItems) = preProject
		ClientApp\src\app\entities\aviation-company.js = ClientApp\src\app\entities\aviation-company.js
		ClientApp\src\app\entities\aviation-company.js.map = ClientApp\src\app\entities\aviation-company.js.map
		ClientApp\src\app\entities\aviation-company.spec.ts = ClientApp\src\app\entities\aviation-company.spec.ts
		ClientApp\src\app\entities\aviation-company.ts = ClientApp\src\app\entities\aviation-company.ts
		ClientApp\src\app\entities\AviationAdmin.js = ClientApp\src\app\entities\AviationAdmin.js
		ClientApp\src\app\entities\AviationAdmin.js.map = ClientApp\src\app\entities\AviationAdmin.js.map
		ClientApp\src\app\entities\AviationAdmin.ts = ClientApp\src\app\entities\AviationAdmin.ts
		ClientApp\src\app\entities\branch.spec.ts = ClientApp\src\app\entities\branch.spec.ts
		ClientApp\src\app\entities\branch.ts = ClientApp\src\app\entities\branch.ts
		ClientApp\src\app\entities\car-reservation.spec.ts = ClientApp\src\app\entities\car-reservation.spec.ts
		ClientApp\src\app\entities\car-reservation.ts = ClientApp\src\app\entities\car-reservation.ts
		ClientApp\src\app\entities\car.spec.ts = ClientApp\src\app\entities\car.spec.ts
		ClientApp\src\app\entities\car.ts = ClientApp\src\app\entities\car.ts
		ClientApp\src\app\entities\flight-seat.js = ClientApp\src\app\entities\flight-seat.js
		ClientApp\src\app\entities\flight-seat.js.map = ClientApp\src\app\entities\flight-seat.js.map
		ClientApp\src\app\entities\flight-seat.ts = ClientApp\src\app\entities\flight-seat.ts
		ClientApp\src\app\entities\flight-ticket.js = ClientApp\src\app\entities\flight-ticket.js
		ClientApp\src\app\entities\flight-ticket.js.map = ClientApp\src\app\entities\flight-ticket.js.map
		ClientApp\src\app\entities\flight-ticket.spec.ts = ClientApp\src\app\entities\flight-ticket.spec.ts
		ClientApp\src\app\entities\flight-ticket.ts = ClientApp\src\app\entities\flight-ticket.ts
		ClientApp\src\app\entities\flight.js = ClientApp\src\app\entities\flight.js
		ClientApp\src\app\entities\flight.js.map = ClientApp\src\app\entities\flight.js.map
		ClientApp\src\app\entities\flight.spec.ts = ClientApp\src\app\entities\flight.spec.ts
		ClientApp\src\app\entities\flight.ts = ClientApp\src\app\entities\flight.ts
		ClientApp\src\app\entities\location.js = ClientApp\src\app\entities\location.js
		ClientApp\src\app\entities\location.js.map = ClientApp\src\app\entities\location.js.map
		ClientApp\src\app\entities\location.spec.ts = ClientApp\src\app\entities\location.spec.ts
		ClientApp\src\app\entities\location.ts = ClientApp\src\app\entities\location.ts
		ClientApp\src\app\entities\rating.js = ClientApp\src\app\entities\rating.js
		ClientApp\src\app\entities\rating.js.map = ClientApp\src\app\entities\rating.js.map
		ClientApp\src\app\entities\rating.ts = ClientApp\src\app\entities\rating.ts
		ClientApp\src\app\entities\rent-a-car.spec.ts = ClientApp\src\app\entities\rent-a-car.spec.ts
		ClientApp\src\app\entities\rent-a-car.ts = ClientApp\src\app\entities\rent-a-car.ts
		ClientApp\src\app\entities\RentACarAdmin.js = ClientApp\src\app\entities\RentACarAdmin.js
		ClientApp\src\app\entities\RentACarAdmin.js.map = ClientApp\src\app\entities\RentACarAdmin.js.map
		ClientApp\src\app\entities\RentACarAdmin.ts = ClientApp\src\app\entities\RentACarAdmin.ts
		ClientApp\src\app\entities\user.js = ClientApp\src\app\entities\user.js
		ClientApp\src\app\entities\user.js.map = ClientApp\src\app\entities\user.js.map
		ClientApp\src\app\entities\user.spec.ts = ClientApp\src\app\entities\user.spec.ts
		ClientApp\src\app\entities\user.ts = ClientApp\src\app\entities\user.ts
	EndProjectSection
EndProject
Project("{2150E333-8FDC-42A3-9474-1A3956D46DE8}") = "requests", "requests", "{4194E35C-D271-4F16-A9F1-866ACC2A3454}"
	ProjectSection(SolutionItems) = preProject
		ClientApp\src\app\entities\requests\add-flight-request.js = ClientApp\src\app\entities\requests\add-flight-request.js
		ClientApp\src\app\entities\requests\add-flight-request.js.map = ClientApp\src\app\entities\requests\add-flight-request.js.map
		ClientApp\src\app\entities\requests\add-flight-request.ts = ClientApp\src\app\entities\requests\add-flight-request.ts
		ClientApp\src\app\entities\requests\add-or-update-aviation-company-request.js = ClientApp\src\app\entities\requests\add-or-update-aviation-company-request.js
		ClientApp\src\app\entities\requests\add-or-update-aviation-company-request.js.map = ClientApp\src\app\entities\requests\add-or-update-aviation-company-request.js.map
		ClientApp\src\app\entities\requests\add-or-update-aviation-company-request.ts = ClientApp\src\app\entities\requests\add-or-update-aviation-company-request.ts
		ClientApp\src\app\entities\requests\update-flight-request.js = ClientApp\src\app\entities\requests\update-flight-request.js
		ClientApp\src\app\entities\requests\update-flight-request.js.map = ClientApp\src\app\entities\requests\update-flight-request.js.map
		ClientApp\src\app\entities\requests\update-flight-request.ts = ClientApp\src\app\entities\requests\update-flight-request.ts
	EndProjectSection
EndProject
Project("{2150E333-8FDC-42A3-9474-1A3956D46DE8}") = "fetch-data", "fetch-data", "{CFE0E6AF-5CDF-478C-8221-DD390456D7DA}"
	ProjectSection(SolutionItems) = preProject
		ClientApp\src\app\fetch-data\fetch-data.component.html = ClientApp\src\app\fetch-data\fetch-data.component.html
		ClientApp\src\app\fetch-data\fetch-data.component.ts = ClientApp\src\app\fetch-data\fetch-data.component.ts
	EndProjectSection
EndProject
Project("{2150E333-8FDC-42A3-9474-1A3956D46DE8}") = "flight-details", "flight-details", "{F64A140F-552E-41EA-A806-911A2C626D2A}"
	ProjectSection(SolutionItems) = preProject
		ClientApp\src\app\flight-details\flight-details.component.css = ClientApp\src\app\flight-details\flight-details.component.css
		ClientApp\src\app\flight-details\flight-details.component.html = ClientApp\src\app\flight-details\flight-details.component.html
		ClientApp\src\app\flight-details\flight-details.component.spec.ts = ClientApp\src\app\flight-details\flight-details.component.spec.ts
		ClientApp\src\app\flight-details\flight-details.component.ts = ClientApp\src\app\flight-details\flight-details.component.ts
	EndProjectSection
EndProject
Project("{2150E333-8FDC-42A3-9474-1A3956D46DE8}") = "flight-reservation-form", "flight-reservation-form", "{67212DD0-3AFE-40F6-AFC7-BFAFA1FBF2DF}"
	ProjectSection(SolutionItems) = preProject
		ClientApp\src\app\flight-reservation-form\flight-reservation-form.component.css = ClientApp\src\app\flight-reservation-form\flight-reservation-form.component.css
		ClientApp\src\app\flight-reservation-form\flight-reservation-form.component.html = ClientApp\src\app\flight-reservation-form\flight-reservation-form.component.html
		ClientApp\src\app\flight-reservation-form\flight-reservation-form.component.spec.ts = ClientApp\src\app\flight-reservation-form\flight-reservation-form.component.spec.ts
		ClientApp\src\app\flight-reservation-form\flight-reservation-form.component.ts = ClientApp\src\app\flight-reservation-form\flight-reservation-form.component.ts
	EndProjectSection
EndProject
Project("{2150E333-8FDC-42A3-9474-1A3956D46DE8}") = "helpers", "helpers", "{000E89FF-7871-43C8-9A30-852C330EBAB1}"
	ProjectSection(SolutionItems) = preProject
		ClientApp\src\app\flight-reservation-form\helpers\flight-seat-reservation.js = ClientApp\src\app\flight-reservation-form\helpers\flight-seat-reservation.js
		ClientApp\src\app\flight-reservation-form\helpers\flight-seat-reservation.js.map = ClientApp\src\app\flight-reservation-form\helpers\flight-seat-reservation.js.map
		ClientApp\src\app\flight-reservation-form\helpers\flight-seat-reservation.ts = ClientApp\src\app\flight-reservation-form\helpers\flight-seat-reservation.ts
	EndProjectSection
EndProject
Project("{2150E333-8FDC-42A3-9474-1A3956D46DE8}") = "flight-seat", "flight-seat", "{97CF7945-ED6A-4A2A-AB75-E8D77A0DC96C}"
	ProjectSection(SolutionItems) = preProject
		ClientApp\src\app\flight-seat\flight-seat.component.css = ClientApp\src\app\flight-seat\flight-seat.component.css
		ClientApp\src\app\flight-seat\flight-seat.component.html = ClientApp\src\app\flight-seat\flight-seat.component.html
		ClientApp\src\app\flight-seat\flight-seat.component.spec.ts = ClientApp\src\app\flight-seat\flight-seat.component.spec.ts
		ClientApp\src\app\flight-seat\flight-seat.component.ts = ClientApp\src\app\flight-seat\flight-seat.component.ts
	EndProjectSection
EndProject
Project("{2150E333-8FDC-42A3-9474-1A3956D46DE8}") = "flight-seats", "flight-seats", "{150F4C0C-C5BF-4087-A2F5-1F0A310B9FF1}"
	ProjectSection(SolutionItems) = preProject
		ClientApp\src\app\flight-seats\flight-seats.component.css = ClientApp\src\app\flight-seats\flight-seats.component.css
		ClientApp\src\app\flight-seats\flight-seats.component.html = ClientApp\src\app\flight-seats\flight-seats.component.html
		ClientApp\src\app\flight-seats\flight-seats.component.spec.ts = ClientApp\src\app\flight-seats\flight-seats.component.spec.ts
		ClientApp\src\app\flight-seats\flight-seats.component.ts = ClientApp\src\app\flight-seats\flight-seats.component.ts
	EndProjectSection
EndProject
Project("{2150E333-8FDC-42A3-9474-1A3956D46DE8}") = "flights", "flights", "{867FC985-DDCA-45BD-A58C-41724093AB60}"
	ProjectSection(SolutionItems) = preProject
		ClientApp\src\app\flights\flights.component.css = ClientApp\src\app\flights\flights.component.css
		ClientApp\src\app\flights\flights.component.html = ClientApp\src\app\flights\flights.component.html
		ClientApp\src\app\flights\flights.component.spec.ts = ClientApp\src\app\flights\flights.component.spec.ts
		ClientApp\src\app\flights\flights.component.ts = ClientApp\src\app\flights\flights.component.ts
	EndProjectSection
EndProject
Project("{2150E333-8FDC-42A3-9474-1A3956D46DE8}") = "friends", "friends", "{5A8E5087-D626-4A65-8D5F-75A55742FE0D}"
	ProjectSection(SolutionItems) = preProject
		ClientApp\src\app\friends\friends.component.css = ClientApp\src\app\friends\friends.component.css
		ClientApp\src\app\friends\friends.component.html = ClientApp\src\app\friends\friends.component.html
		ClientApp\src\app\friends\friends.component.spec.ts = ClientApp\src\app\friends\friends.component.spec.ts
		ClientApp\src\app\friends\friends.component.ts = ClientApp\src\app\friends\friends.component.ts
	EndProjectSection
EndProject
Project("{2150E333-8FDC-42A3-9474-1A3956D46DE8}") = "home", "home", "{F9E1491A-57BC-497B-A97F-241D5D9BEDCB}"
	ProjectSection(SolutionItems) = preProject
		ClientApp\src\app\home\home.component.html = ClientApp\src\app\home\home.component.html
		ClientApp\src\app\home\home.component.ts = ClientApp\src\app\home\home.component.ts
	EndProjectSection
EndProject
Project("{2150E333-8FDC-42A3-9474-1A3956D46DE8}") = "login", "login", "{0E4B1AA2-DC22-4630-BC97-D1FBBDB3535A}"
	ProjectSection(SolutionItems) = preProject
		ClientApp\src\app\login\login.component.css = ClientApp\src\app\login\login.component.css
		ClientApp\src\app\login\login.component.html = ClientApp\src\app\login\login.component.html
		ClientApp\src\app\login\login.component.spec.ts = ClientApp\src\app\login\login.component.spec.ts
		ClientApp\src\app\login\login.component.ts = ClientApp\src\app\login\login.component.ts
	EndProjectSection
EndProject
Project("{2150E333-8FDC-42A3-9474-1A3956D46DE8}") = "mail-confirmation", "mail-confirmation", "{EBCBC8E0-45B6-45D6-A516-752EE464A7E5}"
	ProjectSection(SolutionItems) = preProject
		ClientApp\src\app\mail-confirmation\mail-confirmation.component.css = ClientApp\src\app\mail-confirmation\mail-confirmation.component.css
		ClientApp\src\app\mail-confirmation\mail-confirmation.component.html = ClientApp\src\app\mail-confirmation\mail-confirmation.component.html
		ClientApp\src\app\mail-confirmation\mail-confirmation.component.spec.ts = ClientApp\src\app\mail-confirmation\mail-confirmation.component.spec.ts
		ClientApp\src\app\mail-confirmation\mail-confirmation.component.ts = ClientApp\src\app\mail-confirmation\mail-confirmation.component.ts
	EndProjectSection
EndProject
Project("{2150E333-8FDC-42A3-9474-1A3956D46DE8}") = "nav-menu", "nav-menu", "{1C1FE61B-CD9C-4B74-87A1-F0D65318E267}"
	ProjectSection(SolutionItems) = preProject
		ClientApp\src\app\nav-menu\nav-menu.component.css = ClientApp\src\app\nav-menu\nav-menu.component.css
		ClientApp\src\app\nav-menu\nav-menu.component.html = ClientApp\src\app\nav-menu\nav-menu.component.html
		ClientApp\src\app\nav-menu\nav-menu.component.ts = ClientApp\src\app\nav-menu\nav-menu.component.ts
	EndProjectSection
EndProject
Project("{2150E333-8FDC-42A3-9474-1A3956D46DE8}") = "profile", "profile", "{804A785B-E534-41BD-933D-18741F38CFE3}"
	ProjectSection(SolutionItems) = preProject
		ClientApp\src\app\profile\profile.component.css = ClientApp\src\app\profile\profile.component.css
		ClientApp\src\app\profile\profile.component.html = ClientApp\src\app\profile\profile.component.html
		ClientApp\src\app\profile\profile.component.spec.ts = ClientApp\src\app\profile\profile.component.spec.ts
		ClientApp\src\app\profile\profile.component.ts = ClientApp\src\app\profile\profile.component.ts
	EndProjectSection
EndProject
Project("{2150E333-8FDC-42A3-9474-1A3956D46DE8}") = "quick-car-reservation", "quick-car-reservation", "{1D3B3D2A-B0CA-4DAE-A80C-0645428C2AB9}"
	ProjectSection(SolutionItems) = preProject
		ClientApp\src\app\quick-car-reservation\quick-car-reservation.component.css = ClientApp\src\app\quick-car-reservation\quick-car-reservation.component.css
		ClientApp\src\app\quick-car-reservation\quick-car-reservation.component.html = ClientApp\src\app\quick-car-reservation\quick-car-reservation.component.html
		ClientApp\src\app\quick-car-reservation\quick-car-reservation.component.spec.ts = ClientApp\src\app\quick-car-reservation\quick-car-reservation.component.spec.ts
		ClientApp\src\app\quick-car-reservation\quick-car-reservation.component.ts = ClientApp\src\app\quick-car-reservation\quick-car-reservation.component.ts
	EndProjectSection
EndProject
Project("{2150E333-8FDC-42A3-9474-1A3956D46DE8}") = "quick-ticket-reservation", "quick-ticket-reservation", "{5CF19E29-EBF4-4D48-A012-AA69711A6BFC}"
	ProjectSection(SolutionItems) = preProject
		ClientApp\src\app\quick-ticket-reservation\quick-ticket-reservation.component.css = ClientApp\src\app\quick-ticket-reservation\quick-ticket-reservation.component.css
		ClientApp\src\app\quick-ticket-reservation\quick-ticket-reservation.component.html = ClientApp\src\app\quick-ticket-reservation\quick-ticket-reservation.component.html
		ClientApp\src\app\quick-ticket-reservation\quick-ticket-reservation.component.spec.ts = ClientApp\src\app\quick-ticket-reservation\quick-ticket-reservation.component.spec.ts
		ClientApp\src\app\quick-ticket-reservation\quick-ticket-reservation.component.ts = ClientApp\src\app\quick-ticket-reservation\quick-ticket-reservation.component.ts
	EndProjectSection
EndProject
Project("{2150E333-8FDC-42A3-9474-1A3956D46DE8}") = "register", "register", "{9E3DEB05-C39F-49DD-99FD-ADF95B9311EE}"
	ProjectSection(SolutionItems) = preProject
		ClientApp\src\app\register\register.component.css = ClientApp\src\app\register\register.component.css
		ClientApp\src\app\register\register.component.html = ClientApp\src\app\register\register.component.html
		ClientApp\src\app\register\register.component.spec.ts = ClientApp\src\app\register\register.component.spec.ts
		ClientApp\src\app\register\register.component.ts = ClientApp\src\app\register\register.component.ts
	EndProjectSection
EndProject
Project("{2150E333-8FDC-42A3-9474-1A3956D46DE8}") = "register-services", "register-services", "{6755D176-4358-4B8E-80C7-5312B88A7897}"
	ProjectSection(SolutionItems) = preProject
		ClientApp\src\app\register-services\register-services.component.css = ClientApp\src\app\register-services\register-services.component.css
		ClientApp\src\app\register-services\register-services.component.html = ClientApp\src\app\register-services\register-services.component.html
		ClientApp\src\app\register-services\register-services.component.spec.ts = ClientApp\src\app\register-services\register-services.component.spec.ts
		ClientApp\src\app\register-services\register-services.component.ts = ClientApp\src\app\register-services\register-services.component.ts
	EndProjectSection
EndProject
Project("{2150E333-8FDC-42A3-9474-1A3956D46DE8}") = "rent-a-car-profile", "rent-a-car-profile", "{2E964D2E-BEA9-4FB2-A348-AC8159BF7193}"
	ProjectSection(SolutionItems) = preProject
		ClientApp\src\app\rent-a-car-profile\rent-a-car-profile.component.css = ClientApp\src\app\rent-a-car-profile\rent-a-car-profile.component.css
		ClientApp\src\app\rent-a-car-profile\rent-a-car-profile.component.html = ClientApp\src\app\rent-a-car-profile\rent-a-car-profile.component.html
		ClientApp\src\app\rent-a-car-profile\rent-a-car-profile.component.spec.ts = ClientApp\src\app\rent-a-car-profile\rent-a-car-profile.component.spec.ts
		ClientApp\src\app\rent-a-car-profile\rent-a-car-profile.component.ts = ClientApp\src\app\rent-a-car-profile\rent-a-car-profile.component.ts
	EndProjectSection
EndProject
Project("{2150E333-8FDC-42A3-9474-1A3956D46DE8}") = "rent-a-car-profile-edit", "rent-a-car-profile-edit", "{EF9A75B5-2FDB-4C59-A50D-175CDA2DA544}"
	ProjectSection(SolutionItems) = preProject
		ClientApp\src\app\rent-a-car-profile-edit\rent-a-car-profile-edit.component.css = ClientApp\src\app\rent-a-car-profile-edit\rent-a-car-profile-edit.component.css
		ClientApp\src\app\rent-a-car-profile-edit\rent-a-car-profile-edit.component.html = ClientApp\src\app\rent-a-car-profile-edit\rent-a-car-profile-edit.component.html
		ClientApp\src\app\rent-a-car-profile-edit\rent-a-car-profile-edit.component.spec.ts = ClientApp\src\app\rent-a-car-profile-edit\rent-a-car-profile-edit.component.spec.ts
		ClientApp\src\app\rent-a-car-profile-edit\rent-a-car-profile-edit.component.ts = ClientApp\src\app\rent-a-car-profile-edit\rent-a-car-profile-edit.component.ts
	EndProjectSection
EndProject
Project("{2150E333-8FDC-42A3-9474-1A3956D46DE8}") = "services", "services", "{8DC9C1DE-1C43-4CBC-A095-480E84531E5E}"
	ProjectSection(SolutionItems) = preProject
		ClientApp\src\app\services\aviation.service.spec.ts = ClientApp\src\app\services\aviation.service.spec.ts
		ClientApp\src\app\services\aviation.service.ts = ClientApp\src\app\services\aviation.service.ts
		ClientApp\src\app\services\backend.service.spec.ts = ClientApp\src\app\services\backend.service.spec.ts
		ClientApp\src\app\services\backend.service.ts = ClientApp\src\app\services\backend.service.ts
		ClientApp\src\app\services\branch.service.spec.ts = ClientApp\src\app\services\branch.service.spec.ts
		ClientApp\src\app\services\branch.service.ts = ClientApp\src\app\services\branch.service.ts
		ClientApp\src\app\services\car-reservation.service.spec.ts = ClientApp\src\app\services\car-reservation.service.spec.ts
		ClientApp\src\app\services\car-reservation.service.ts = ClientApp\src\app\services\car-reservation.service.ts
		ClientApp\src\app\services\car.service.spec.ts = ClientApp\src\app\services\car.service.spec.ts
		ClientApp\src\app\services\car.service.ts = ClientApp\src\app\services\car.service.ts
		ClientApp\src\app\services\flight.service.spec.ts = ClientApp\src\app\services\flight.service.spec.ts
		ClientApp\src\app\services\flight.service.ts = ClientApp\src\app\services\flight.service.ts
		ClientApp\src\app\services\rating.service.spec.ts = ClientApp\src\app\services\rating.service.spec.ts
		ClientApp\src\app\services\rating.service.ts = ClientApp\src\app\services\rating.service.ts
		ClientApp\src\app\services\rent-a-car.service.spec.ts = ClientApp\src\app\services\rent-a-car.service.spec.ts
		ClientApp\src\app\services\rent-a-car.service.ts = ClientApp\src\app\services\rent-a-car.service.ts
		ClientApp\src\app\services\user.service.spec.ts = ClientApp\src\app\services\user.service.spec.ts
		ClientApp\src\app\services\user.service.ts = ClientApp\src\app\services\user.service.ts
	EndProjectSection
EndProject
Project("{2150E333-8FDC-42A3-9474-1A3956D46DE8}") = "ticket-history", "ticket-history", "{A4ADAF33-62A6-4255-889D-33918886DBFC}"
	ProjectSection(SolutionItems) = preProject
		ClientApp\src\app\ticket-history\ticket-history.component.css = ClientApp\src\app\ticket-history\ticket-history.component.css
		ClientApp\src\app\ticket-history\ticket-history.component.html = ClientApp\src\app\ticket-history\ticket-history.component.html
		ClientApp\src\app\ticket-history\ticket-history.component.spec.ts = ClientApp\src\app\ticket-history\ticket-history.component.spec.ts
		ClientApp\src\app\ticket-history\ticket-history.component.ts = ClientApp\src\app\ticket-history\ticket-history.component.ts
	EndProjectSection
EndProject
Project("{2150E333-8FDC-42A3-9474-1A3956D46DE8}") = "util", "util", "{3F6D84B7-E7B7-4F5C-A892-F3C90BB6FE4E}"
	ProjectSection(SolutionItems) = preProject
		ClientApp\src\app\util\storage.js = ClientApp\src\app\util\storage.js
		ClientApp\src\app\util\storage.js.map = ClientApp\src\app\util\storage.js.map
		ClientApp\src\app\util\storage.ts = ClientApp\src\app\util\storage.ts
		ClientApp\src\app\util\time.js = ClientApp\src\app\util\time.js
		ClientApp\src\app\util\time.js.map = ClientApp\src\app\util\time.js.map
		ClientApp\src\app\util\time.ts = ClientApp\src\app\util\time.ts
	EndProjectSection
EndProject
Project("{2150E333-8FDC-42A3-9474-1A3956D46DE8}") = "assets", "assets", "{909961C1-D518-439F-915F-5F7A09DC29A2}"
	ProjectSection(SolutionItems) = preProject
		ClientApp\src\assets\.gitkeep = ClientApp\src\assets\.gitkeep
	EndProjectSection
EndProject
Project("{2150E333-8FDC-42A3-9474-1A3956D46DE8}") = "environments", "environments", "{E846AA4F-33D7-4FB8-93CF-15115128132B}"
	ProjectSection(SolutionItems) = preProject
		ClientApp\src\environments\environment.prod.ts = ClientApp\src\environments\environment.prod.ts
		ClientApp\src\environments\environment.ts = ClientApp\src\environments\environment.ts
	EndProjectSection
EndProject
Global
	GlobalSection(SolutionConfigurationPlatforms) = preSolution
		Debug|Any CPU = Debug|Any CPU
		Release|Any CPU = Release|Any CPU
	EndGlobalSection
	GlobalSection(ProjectConfigurationPlatforms) = postSolution
		{B867E64A-7BCF-4FEE-BC44-6771AF9C4692}.Debug|Any CPU.ActiveCfg = Debug|Any CPU
		{B867E64A-7BCF-4FEE-BC44-6771AF9C4692}.Debug|Any CPU.Build.0 = Debug|Any CPU
		{B867E64A-7BCF-4FEE-BC44-6771AF9C4692}.Release|Any CPU.ActiveCfg = Release|Any CPU
		{B867E64A-7BCF-4FEE-BC44-6771AF9C4692}.Release|Any CPU.Build.0 = Release|Any CPU
		{B00D22D3-016B-4C43-940A-4ABA9BBF9070}.Debug|Any CPU.ActiveCfg = Debug|Any CPU
		{B00D22D3-016B-4C43-940A-4ABA9BBF9070}.Debug|Any CPU.Build.0 = Debug|Any CPU
		{B00D22D3-016B-4C43-940A-4ABA9BBF9070}.Release|Any CPU.ActiveCfg = Release|Any CPU
		{B00D22D3-016B-4C43-940A-4ABA9BBF9070}.Release|Any CPU.Build.0 = Release|Any CPU
		{1A5F858A-A8A2-454A-808D-0436B385D07C}.Debug|Any CPU.ActiveCfg = Debug|Any CPU
		{1A5F858A-A8A2-454A-808D-0436B385D07C}.Debug|Any CPU.Build.0 = Debug|Any CPU
		{1A5F858A-A8A2-454A-808D-0436B385D07C}.Release|Any CPU.ActiveCfg = Release|Any CPU
		{1A5F858A-A8A2-454A-808D-0436B385D07C}.Release|Any CPU.Build.0 = Release|Any CPU
		{A51A5D68-B7D8-48DF-AE69-06959541F82F}.Debug|Any CPU.ActiveCfg = Debug|Any CPU
		{A51A5D68-B7D8-48DF-AE69-06959541F82F}.Debug|Any CPU.Build.0 = Debug|Any CPU
		{A51A5D68-B7D8-48DF-AE69-06959541F82F}.Release|Any CPU.ActiveCfg = Release|Any CPU
		{A51A5D68-B7D8-48DF-AE69-06959541F82F}.Release|Any CPU.Build.0 = Release|Any CPU
		{D99CCA36-5CED-4BD7-9410-50ABEB42C6D4}.Debug|Any CPU.ActiveCfg = Debug|Any CPU
		{D99CCA36-5CED-4BD7-9410-50ABEB42C6D4}.Debug|Any CPU.Build.0 = Debug|Any CPU
		{D99CCA36-5CED-4BD7-9410-50ABEB42C6D4}.Release|Any CPU.ActiveCfg = Release|Any CPU
		{D99CCA36-5CED-4BD7-9410-50ABEB42C6D4}.Release|Any CPU.Build.0 = Release|Any CPU
		{A613E172-F3C3-47A0-A9C9-FBEAB5BFC9E3}.Debug|Any CPU.ActiveCfg = Debug|Any CPU
		{A613E172-F3C3-47A0-A9C9-FBEAB5BFC9E3}.Debug|Any CPU.Build.0 = Debug|Any CPU
		{A613E172-F3C3-47A0-A9C9-FBEAB5BFC9E3}.Release|Any CPU.ActiveCfg = Release|Any CPU
		{A613E172-F3C3-47A0-A9C9-FBEAB5BFC9E3}.Release|Any CPU.Build.0 = Release|Any CPU
		{7AC29E8A-6792-494B-BC24-7921A3BD40FA}.Debug|Any CPU.ActiveCfg = Debug|Any CPU
		{7AC29E8A-6792-494B-BC24-7921A3BD40FA}.Debug|Any CPU.Build.0 = Debug|Any CPU
		{7AC29E8A-6792-494B-BC24-7921A3BD40FA}.Release|Any CPU.ActiveCfg = Release|Any CPU
		{7AC29E8A-6792-494B-BC24-7921A3BD40FA}.Release|Any CPU.Build.0 = Release|Any CPU
		{297117C4-6329-425F-A8C9-0B193690BCBE}.Debug|Any CPU.ActiveCfg = Debug|Any CPU
		{297117C4-6329-425F-A8C9-0B193690BCBE}.Debug|Any CPU.Build.0 = Debug|Any CPU
		{297117C4-6329-425F-A8C9-0B193690BCBE}.Release|Any CPU.ActiveCfg = Release|Any CPU
		{297117C4-6329-425F-A8C9-0B193690BCBE}.Release|Any CPU.Build.0 = Release|Any CPU
	EndGlobalSection
	GlobalSection(SolutionProperties) = preSolution
		HideSolutionNode = FALSE
	EndGlobalSection
	GlobalSection(NestedProjects) = preSolution
		{0727818D-97A1-4B9A-8963-B3350441B7BE} = {6F97D620-D6BC-4032-8993-AD79A05DC4EC}
		{27D4AC21-DD3C-4F66-93E9-2A4893266D92} = {6F97D620-D6BC-4032-8993-AD79A05DC4EC}
		{36640A8C-5123-4ABD-B839-3D82B85B6834} = {6F97D620-D6BC-4032-8993-AD79A05DC4EC}
		{06673D85-E60C-45BF-9564-EF3161D5622A} = {36640A8C-5123-4ABD-B839-3D82B85B6834}
		{AFC08CB2-C1B9-4EBF-83FE-6D751B38474B} = {6F97D620-D6BC-4032-8993-AD79A05DC4EC}
		{54198B66-90EE-4B07-878C-78EBA5C9465F} = {AFC08CB2-C1B9-4EBF-83FE-6D751B38474B}
		{A61D8CB1-B8B9-49E4-87F6-F914EE27E7C5} = {54198B66-90EE-4B07-878C-78EBA5C9465F}
		{A6168293-E69E-4F7D-BA17-D51C72A35C81} = {54198B66-90EE-4B07-878C-78EBA5C9465F}
		{71D13963-413D-447E-A4A2-82F71ACFBA11} = {54198B66-90EE-4B07-878C-78EBA5C9465F}
		{E9299013-7DC6-404C-A484-9A84D012B08A} = {54198B66-90EE-4B07-878C-78EBA5C9465F}
		{6C4EA3E1-C044-4A76-A44B-3075CB553C9B} = {54198B66-90EE-4B07-878C-78EBA5C9465F}
		{64327685-24D6-4729-A6A5-9EC73C36DB4A} = {54198B66-90EE-4B07-878C-78EBA5C9465F}
		{3866BB95-B49A-41B1-9034-E8E77B81F7F5} = {54198B66-90EE-4B07-878C-78EBA5C9465F}
		{FC8937C2-1593-41E5-B13D-6AF042ACECE3} = {54198B66-90EE-4B07-878C-78EBA5C9465F}
		{A210CA6A-B14A-44E3-9001-44D86F993047} = {54198B66-90EE-4B07-878C-78EBA5C9465F}
		{0632300B-16C3-419B-85D4-9F6A834A0DE2} = {54198B66-90EE-4B07-878C-78EBA5C9465F}
		{03727C77-A563-45FC-8B7E-48EF6E132BB7} = {54198B66-90EE-4B07-878C-78EBA5C9465F}
		{32D6038C-80C9-4715-B3B5-B61C7AD7A4E8} = {54198B66-90EE-4B07-878C-78EBA5C9465F}
		{E31BFE0E-9BE8-453E-84E4-D7D7993CF4F3} = {54198B66-90EE-4B07-878C-78EBA5C9465F}
		{05D48FC0-B3CD-4C5E-85E5-71D6345DF606} = {54198B66-90EE-4B07-878C-78EBA5C9465F}
		{6ACDBCC5-2FB3-49E8-8643-B493CB515FC5} = {54198B66-90EE-4B07-878C-78EBA5C9465F}
		{4194E35C-D271-4F16-A9F1-866ACC2A3454} = {6ACDBCC5-2FB3-49E8-8643-B493CB515FC5}
		{CFE0E6AF-5CDF-478C-8221-DD390456D7DA} = {54198B66-90EE-4B07-878C-78EBA5C9465F}
		{F64A140F-552E-41EA-A806-911A2C626D2A} = {54198B66-90EE-4B07-878C-78EBA5C9465F}
		{67212DD0-3AFE-40F6-AFC7-BFAFA1FBF2DF} = {54198B66-90EE-4B07-878C-78EBA5C9465F}
		{000E89FF-7871-43C8-9A30-852C330EBAB1} = {67212DD0-3AFE-40F6-AFC7-BFAFA1FBF2DF}
		{97CF7945-ED6A-4A2A-AB75-E8D77A0DC96C} = {54198B66-90EE-4B07-878C-78EBA5C9465F}
		{150F4C0C-C5BF-4087-A2F5-1F0A310B9FF1} = {54198B66-90EE-4B07-878C-78EBA5C9465F}
		{867FC985-DDCA-45BD-A58C-41724093AB60} = {54198B66-90EE-4B07-878C-78EBA5C9465F}
		{5A8E5087-D626-4A65-8D5F-75A55742FE0D} = {54198B66-90EE-4B07-878C-78EBA5C9465F}
		{F9E1491A-57BC-497B-A97F-241D5D9BEDCB} = {54198B66-90EE-4B07-878C-78EBA5C9465F}
		{0E4B1AA2-DC22-4630-BC97-D1FBBDB3535A} = {54198B66-90EE-4B07-878C-78EBA5C9465F}
		{EBCBC8E0-45B6-45D6-A516-752EE464A7E5} = {54198B66-90EE-4B07-878C-78EBA5C9465F}
		{1C1FE61B-CD9C-4B74-87A1-F0D65318E267} = {54198B66-90EE-4B07-878C-78EBA5C9465F}
		{804A785B-E534-41BD-933D-18741F38CFE3} = {54198B66-90EE-4B07-878C-78EBA5C9465F}
		{1D3B3D2A-B0CA-4DAE-A80C-0645428C2AB9} = {54198B66-90EE-4B07-878C-78EBA5C9465F}
		{5CF19E29-EBF4-4D48-A012-AA69711A6BFC} = {54198B66-90EE-4B07-878C-78EBA5C9465F}
		{9E3DEB05-C39F-49DD-99FD-ADF95B9311EE} = {54198B66-90EE-4B07-878C-78EBA5C9465F}
		{6755D176-4358-4B8E-80C7-5312B88A7897} = {54198B66-90EE-4B07-878C-78EBA5C9465F}
		{2E964D2E-BEA9-4FB2-A348-AC8159BF7193} = {54198B66-90EE-4B07-878C-78EBA5C9465F}
		{EF9A75B5-2FDB-4C59-A50D-175CDA2DA544} = {54198B66-90EE-4B07-878C-78EBA5C9465F}
		{8DC9C1DE-1C43-4CBC-A095-480E84531E5E} = {54198B66-90EE-4B07-878C-78EBA5C9465F}
		{A4ADAF33-62A6-4255-889D-33918886DBFC} = {54198B66-90EE-4B07-878C-78EBA5C9465F}
		{3F6D84B7-E7B7-4F5C-A892-F3C90BB6FE4E} = {54198B66-90EE-4B07-878C-78EBA5C9465F}
		{909961C1-D518-439F-915F-5F7A09DC29A2} = {AFC08CB2-C1B9-4EBF-83FE-6D751B38474B}
		{E846AA4F-33D7-4FB8-93CF-15115128132B} = {AFC08CB2-C1B9-4EBF-83FE-6D751B38474B}
	EndGlobalSection
	GlobalSection(ExtensibilityGlobals) = postSolution
		SolutionGuid = {84A4F09E-F345-4C2F-A0B8-E43494305FB0}
	EndGlobalSection
EndGlobal
