
Microsoft Visual Studio Solution File, Format Version 12.00
# Visual Studio Version 16
VisualStudioVersion = 16.0.29920.165
MinimumVisualStudioVersion = 10.0.40219.1
Project("{FAE04EC0-301F-11D3-BF4B-00C04F79EFBC}") = "PUSGS_Project", "PUSGS_Project\PUSGS_Project.csproj", "{5B5CB1CE-294D-4992-98A6-6DBD4DFBBC68}"
EndProject
Global
	GlobalSection(SolutionConfigurationPlatforms) = preSolution
		Debug|Any CPU = Debug|Any CPU
		Release|Any CPU = Release|Any CPU
	EndGlobalSection
	GlobalSection(ProjectConfigurationPlatforms) = postSolution
		{5B5CB1CE-294D-4992-98A6-6DBD4DFBBC68}.Debug|Any CPU.ActiveCfg = Debug|Any CPU
		{5B5CB1CE-294D-4992-98A6-6DBD4DFBBC68}.Debug|Any CPU.Build.0 = Debug|Any CPU
		{5B5CB1CE-294D-4992-98A6-6DBD4DFBBC68}.Release|Any CPU.ActiveCfg = Release|Any CPU
		{5B5CB1CE-294D-4992-98A6-6DBD4DFBBC68}.Release|Any CPU.Build.0 = Release|Any CPU
	EndGlobalSection
	GlobalSection(SolutionProperties) = preSolution
		HideSolutionNode = FALSE
	EndGlobalSection
	GlobalSection(ExtensibilityGlobals) = postSolution
		SolutionGuid = {3D0A85FA-9988-48A2-88A4-F604C0E00565}
	EndGlobalSection
EndGlobal
